
Microsoft Visual Studio Solution File, Format Version 12.00
# Visual Studio 15
VisualStudioVersion = 15.0.28010.2019
MinimumVisualStudioVersion = 10.0.40219.1
Project("{9A19103F-16F7-4668-BE54-9A1E7A4F7556}") = "SportsStore", "SportsStore.csproj", "{CB3B7631-93EB-44F6-B054-D21EF43F59C9}"
EndProject
Global
	GlobalSection(SolutionConfigurationPlatforms) = preSolution
		Debug|Any CPU = Debug|Any CPU
		Release|Any CPU = Release|Any CPU
	EndGlobalSection
	GlobalSection(ProjectConfigurationPlatforms) = postSolution
		{CB3B7631-93EB-44F6-B054-D21EF43F59C9}.Debug|Any CPU.ActiveCfg = Debug|Any CPU
		{CB3B7631-93EB-44F6-B054-D21EF43F59C9}.Debug|Any CPU.Build.0 = Debug|Any CPU
		{CB3B7631-93EB-44F6-B054-D21EF43F59C9}.Release|Any CPU.ActiveCfg = Release|Any CPU
		{CB3B7631-93EB-44F6-B054-D21EF43F59C9}.Release|Any CPU.Build.0 = Release|Any CPU
	EndGlobalSection
	GlobalSection(SolutionProperties) = preSolution
		HideSolutionNode = FALSE
	EndGlobalSection
	GlobalSection(ExtensibilityGlobals) = postSolution
		SolutionGuid = {B45D6F7C-98FD-47F2-AF38-0FE335175208}
	EndGlobalSection
EndGlobal
